{
  "version": 4,
  "terraform_version": "0.12.24",
  "serial": 130,
  "lineage": "8c2ceed3-5809-fa5a-e093-7435e971aa6f",
  "outputs": {},
  "resources": [
    {
      "mode": "managed",
      "type": "azurerm_resource_group",
      "name": "ri-d-inc-inp-spc-rg",
      "provider": "provider.azurerm",
      "instances": [
        {
          "schema_version": 0,
          "attributes": {
            "id": "/subscriptions/8dd248c6-56c5-4c37-9599-eae1069c979f/resourceGroups/ri-d-inc-inp-spc-rg",
            "location": "centralus",
            "name": "ri-d-inc-inp-spc-rg",
            "tags": {},
            "timeouts": null
          },
          "private": "eyJlMmJmYjczMC1lY2FhLTExZTYtOGY4OC0zNDM2M2JjN2M0YzAiOnsiY3JlYXRlIjo1NDAwMDAwMDAwMDAwLCJkZWxldGUiOjU0MDAwMDAwMDAwMDAsInJlYWQiOjMwMDAwMDAwMDAwMCwidXBkYXRlIjo1NDAwMDAwMDAwMDAwfX0="
        }
      ]
    },
    {
      "mode": "managed",
      "type": "azurerm_search_service",
      "name": "ri-q-inc-inp-spc-search",
      "provider": "provider.azurerm",
      "instances": [
        {
          "schema_version": 0,
          "attributes": {
            "id": "/subscriptions/8dd248c6-56c5-4c37-9599-eae1069c979f/resourceGroups/ri-d-inc-inp-spc-rg/providers/Microsoft.Search/searchServices/ri-q-inc-inp-spc-search-service",
            "location": "centralus",
            "name": "ri-q-inc-inp-spc-search-service",
            "partition_count": 1,
            "primary_key": "6E49B8F6A3CBFC6432E214FEA4478406",
            "query_keys": [
              {
                "key": "EF89171B18A4E7A1D69A8978D11DB67D",
                "name": ""
              }
            ],
            "replica_count": 1,
            "resource_group_name": "ri-d-inc-inp-spc-rg",
            "secondary_key": "AC2E33757B8052639FB9C6C02A87AE0F",
            "sku": "standard",
            "tags": null,
            "timeouts": null
          },
          "private": "eyJlMmJmYjczMC1lY2FhLTExZTYtOGY4OC0zNDM2M2JjN2M0YzAiOnsiY3JlYXRlIjoxODAwMDAwMDAwMDAwLCJkZWxldGUiOjE4MDAwMDAwMDAwMDAsInJlYWQiOjMwMDAwMDAwMDAwMCwidXBkYXRlIjoxODAwMDAwMDAwMDAwfX0="
        }
      ]
    },
    {
      "mode": "managed",
      "type": "azurerm_servicebus_namespace",
      "name": "ri-q-inc-inp-spc-servicebus",
      "provider": "provider.azurerm",
      "instances": [
        {
          "schema_version": 1,
          "attributes": {
            "capacity": 0,
            "default_primary_connection_string": "Endpoint=sb://ri-q-inc-inp-spc-servicebus-namespace.servicebus.windows.net/;SharedAccessKeyName=RootManageSharedAccessKey;SharedAccessKey=pH/CyXDbdvsWohtEt3QZJy+q794XdtLY1bBr1qutKPc=",
            "default_primary_key": "pH/CyXDbdvsWohtEt3QZJy+q794XdtLY1bBr1qutKPc=",
            "default_secondary_connection_string": "Endpoint=sb://ri-q-inc-inp-spc-servicebus-namespace.servicebus.windows.net/;SharedAccessKeyName=RootManageSharedAccessKey;SharedAccessKey=fVnTt61FCpip2mpmqTt/sCRvXzCjXjXhNAmwhuhHROQ=",
            "default_secondary_key": "fVnTt61FCpip2mpmqTt/sCRvXzCjXjXhNAmwhuhHROQ=",
            "id": "/subscriptions/8dd248c6-56c5-4c37-9599-eae1069c979f/resourceGroups/ri-d-inc-inp-spc-rg/providers/Microsoft.ServiceBus/namespaces/ri-q-inc-inp-spc-servicebus-namespace",
            "location": "centralus",
            "name": "ri-q-inc-inp-spc-servicebus-namespace",
            "resource_group_name": "ri-d-inc-inp-spc-rg",
            "sku": "standard",
            "tags": {
              "environment": "QAT",
              "source": "terraform"
            },
            "timeouts": null,
            "zone_redundant": false
          },
          "private": "eyJlMmJmYjczMC1lY2FhLTExZTYtOGY4OC0zNDM2M2JjN2M0YzAiOnsiY3JlYXRlIjoxODAwMDAwMDAwMDAwLCJkZWxldGUiOjE4MDAwMDAwMDAwMDAsInJlYWQiOjMwMDAwMDAwMDAwMCwidXBkYXRlIjoxODAwMDAwMDAwMDAwfSwic2NoZW1hX3ZlcnNpb24iOiIxIn0="
        }
      ]
    },
    {
      "mode": "managed",
      "type": "azurerm_servicebus_queue",
      "name": "ri-q-inc-inp-spc-servicebus-queue",
      "provider": "provider.azurerm",
      "instances": [
        {
          "schema_version": 0,
          "attributes": {
            "auto_delete_on_idle": "P10675199DT2H48M5.4775807S",
            "dead_lettering_on_message_expiration": false,
            "default_message_ttl": "P10675199DT2H48M5.4775807S",
            "duplicate_detection_history_time_window": "PT10M",
            "enable_express": false,
            "enable_partitioning": true,
            "id": "/subscriptions/8dd248c6-56c5-4c37-9599-eae1069c979f/resourceGroups/ri-d-inc-inp-spc-rg/providers/Microsoft.ServiceBus/namespaces/ri-q-inc-inp-spc-servicebus-namespace/queues/ri-q-inc-inp-spc-servicebus-q",
            "lock_duration": "PT1M",
            "max_delivery_count": 10,
            "max_size_in_megabytes": 5120,
            "name": "ri-q-inc-inp-spc-servicebus-q",
            "namespace_name": "ri-q-inc-inp-spc-servicebus-namespace",
            "requires_duplicate_detection": false,
            "requires_session": false,
            "resource_group_name": "ri-d-inc-inp-spc-rg",
            "timeouts": null
          },
          "private": "eyJlMmJmYjczMC1lY2FhLTExZTYtOGY4OC0zNDM2M2JjN2M0YzAiOnsiY3JlYXRlIjoxODAwMDAwMDAwMDAwLCJkZWxldGUiOjE4MDAwMDAwMDAwMDAsInJlYWQiOjMwMDAwMDAwMDAwMCwidXBkYXRlIjoxODAwMDAwMDAwMDAwfX0=",
          "dependencies": [
            "azurerm_servicebus_namespace.ri-q-inc-inp-spc-servicebus"
          ]
        }
      ]
    },
    {
      "mode": "managed",
      "type": "azurerm_sql_database",
      "name": "ri-q-inc-inp-spc-db",
      "provider": "provider.azurerm",
      "instances": [
        {
          "schema_version": 0,
          "attributes": {
            "collation": "SQL_Latin1_General_CP1_CI_AS",
            "create_mode": "Default",
            "creation_date": "2021-04-19T22:33:01.7Z",
            "default_secondary_location": "East US 2",
            "edition": "GeneralPurpose",
            "elastic_pool_name": "",
            "encryption": "",
            "extended_auditing_policy": [
              {
                "retention_in_days": 6,
                "storage_account_access_key": "HiikgDfTjXBfHvR1X62htnQTGK9IELVWxCs7Rbv9bi/iJURW8R0cmPbKiSIgWZc5QMXYu9sRht38m7jAbGQ2ug==",
                "storage_account_access_key_is_secondary": true,
                "storage_endpoint": "https://riqincspcsqlacc.blob.core.windows.net/"
              }
            ],
            "id": "/subscriptions/8dd248c6-56c5-4c37-9599-eae1069c979f/resourceGroups/ri-d-inc-inp-spc-rg/providers/Microsoft.Sql/servers/ri-q-inc-inp-sqlserver/databases/ri-q-inc-inp-spc-sdb",
            "import": [],
            "location": "centralus",
            "max_size_bytes": "34359738368",
            "max_size_gb": null,
            "name": "ri-q-inc-inp-spc-sdb",
            "read_scale": false,
            "requested_service_objective_id": "f21733ad-9b9b-4d4e-a4fa-94a133c41718",
            "requested_service_objective_name": "GP_Gen5_2",
            "resource_group_name": "ri-d-inc-inp-spc-rg",
            "restore_point_in_time": null,
            "server_name": "ri-q-inc-inp-sqlserver",
            "source_database_deletion_date": null,
            "source_database_id": null,
            "tags": {
              "environment": "QAT"
            },
            "threat_detection_policy": [
              {
                "disabled_alerts": [],
                "email_account_admins": "Disabled",
                "email_addresses": [],
                "retention_days": 0,
                "state": "Disabled",
                "storage_account_access_key": "",
                "storage_endpoint": "",
                "use_server_default": "Disabled"
              }
            ],
            "timeouts": null,
            "zone_redundant": false
          },
          "private": "eyJlMmJmYjczMC1lY2FhLTExZTYtOGY4OC0zNDM2M2JjN2M0YzAiOnsiY3JlYXRlIjozNjAwMDAwMDAwMDAwLCJkZWxldGUiOjM2MDAwMDAwMDAwMDAsInJlYWQiOjMwMDAwMDAwMDAwMCwidXBkYXRlIjozNjAwMDAwMDAwMDAwfX0=",
          "dependencies": [
            "azurerm_sql_server.ri-q-inc-inp-spc-sql",
            "azurerm_storage_account.ri-q-inc-inp-spc-sqlstoracc"
          ]
        }
      ]
    },
    {
      "mode": "managed",
      "type": "azurerm_sql_database",
      "name": "ri-q-inc-inp-spcq-db",
      "provider": "provider.azurerm",
      "instances": [
        {
          "schema_version": 0,
          "attributes": {
            "collation": "SQL_Latin1_General_CP1_CI_AS",
            "create_mode": "Default",
            "creation_date": "2021-04-19T22:33:02.103Z",
            "default_secondary_location": "East US 2",
            "edition": "GeneralPurpose",
            "elastic_pool_name": "",
            "encryption": "",
            "extended_auditing_policy": [
              {
                "retention_in_days": 6,
                "storage_account_access_key": "HiikgDfTjXBfHvR1X62htnQTGK9IELVWxCs7Rbv9bi/iJURW8R0cmPbKiSIgWZc5QMXYu9sRht38m7jAbGQ2ug==",
                "storage_account_access_key_is_secondary": true,
                "storage_endpoint": "https://riqincspcsqlacc.blob.core.windows.net/"
              }
            ],
            "id": "/subscriptions/8dd248c6-56c5-4c37-9599-eae1069c979f/resourceGroups/ri-d-inc-inp-spc-rg/providers/Microsoft.Sql/servers/ri-q-inc-inp-sqlserver/databases/ri-q-inc-inp-spcq-sdb",
            "import": [],
            "location": "centralus",
            "max_size_bytes": "34359738368",
            "max_size_gb": null,
            "name": "ri-q-inc-inp-spcq-sdb",
            "read_scale": false,
            "requested_service_objective_id": "f21733ad-9b9b-4d4e-a4fa-94a133c41718",
            "requested_service_objective_name": "GP_Gen5_2",
            "resource_group_name": "ri-d-inc-inp-spc-rg",
            "restore_point_in_time": null,
            "server_name": "ri-q-inc-inp-sqlserver",
            "source_database_deletion_date": null,
            "source_database_id": null,
            "tags": {
              "environment": "QAT"
            },
            "threat_detection_policy": [
              {
                "disabled_alerts": [],
                "email_account_admins": "Disabled",
                "email_addresses": [],
                "retention_days": 0,
                "state": "Disabled",
                "storage_account_access_key": "",
                "storage_endpoint": "",
                "use_server_default": "Disabled"
              }
            ],
            "timeouts": null,
            "zone_redundant": false
          },
          "private": "eyJlMmJmYjczMC1lY2FhLTExZTYtOGY4OC0zNDM2M2JjN2M0YzAiOnsiY3JlYXRlIjozNjAwMDAwMDAwMDAwLCJkZWxldGUiOjM2MDAwMDAwMDAwMDAsInJlYWQiOjMwMDAwMDAwMDAwMCwidXBkYXRlIjozNjAwMDAwMDAwMDAwfX0=",
          "dependencies": [
            "azurerm_sql_server.ri-q-inc-inp-spc-sql",
            "azurerm_storage_account.ri-q-inc-inp-spc-sqlstoracc"
          ]
        }
      ]
    },
    {
      "mode": "managed",
      "type": "azurerm_sql_server",
      "name": "ri-q-inc-inp-spc-sql",
      "provider": "provider.azurerm",
      "instances": [
        {
          "schema_version": 0,
          "attributes": {
            "administrator_login": "misadmin",
            "administrator_login_password": "wallYear1234",
            "extended_auditing_policy": [],
            "fully_qualified_domain_name": "ri-q-inc-inp-sqlserver.database.windows.net",
            "id": "/subscriptions/8dd248c6-56c5-4c37-9599-eae1069c979f/resourceGroups/ri-d-inc-inp-spc-rg/providers/Microsoft.Sql/servers/ri-q-inc-inp-sqlserver",
            "identity": [],
            "location": "centralus",
            "name": "ri-q-inc-inp-sqlserver",
            "resource_group_name": "ri-d-inc-inp-spc-rg",
            "tags": {
              "environment": "QAT"
            },
            "timeouts": null,
            "version": "12.0"
          },
          "private": "eyJlMmJmYjczMC1lY2FhLTExZTYtOGY4OC0zNDM2M2JjN2M0YzAiOnsiY3JlYXRlIjozNjAwMDAwMDAwMDAwLCJkZWxldGUiOjM2MDAwMDAwMDAwMDAsInJlYWQiOjMwMDAwMDAwMDAwMCwidXBkYXRlIjozNjAwMDAwMDAwMDAwfX0="
        }
      ]
    },
    {
      "mode": "managed",
      "type": "azurerm_storage_account",
      "name": "ri-q-inc-inp-spc-sqlstoracc",
      "provider": "provider.azurerm",
      "instances": [
        {
          "schema_version": 2,
          "attributes": {
            "access_tier": "Hot",
            "account_kind": "StorageV2",
            "account_replication_type": "LRS",
            "account_tier": "Standard",
            "blob_properties": [],
            "custom_domain": [],
            "enable_https_traffic_only": true,
            "id": "/subscriptions/8dd248c6-56c5-4c37-9599-eae1069c979f/resourceGroups/ri-d-inc-inp-spc-rg/providers/Microsoft.Storage/storageAccounts/riqincspcsqlacc",
            "identity": [],
            "is_hns_enabled": false,
            "location": "centralus",
            "name": "riqincspcsqlacc",
            "network_rules": [
              {
                "bypass": [
                  "AzureServices"
                ],
                "default_action": "Allow",
                "ip_rules": [],
                "virtual_network_subnet_ids": []
              }
            ],
            "primary_access_key": "HiikgDfTjXBfHvR1X62htnQTGK9IELVWxCs7Rbv9bi/iJURW8R0cmPbKiSIgWZc5QMXYu9sRht38m7jAbGQ2ug==",
            "primary_blob_connection_string": "DefaultEndpointsProtocol=https;BlobEndpoint=https://riqincspcsqlacc.blob.core.windows.net/;AccountName=riqincspcsqlacc;AccountKey=HiikgDfTjXBfHvR1X62htnQTGK9IELVWxCs7Rbv9bi/iJURW8R0cmPbKiSIgWZc5QMXYu9sRht38m7jAbGQ2ug==",
            "primary_blob_endpoint": "https://riqincspcsqlacc.blob.core.windows.net/",
            "primary_blob_host": "riqincspcsqlacc.blob.core.windows.net",
            "primary_connection_string": "DefaultEndpointsProtocol=https;AccountName=riqincspcsqlacc;AccountKey=HiikgDfTjXBfHvR1X62htnQTGK9IELVWxCs7Rbv9bi/iJURW8R0cmPbKiSIgWZc5QMXYu9sRht38m7jAbGQ2ug==;EndpointSuffix=core.windows.net",
            "primary_dfs_endpoint": "https://riqincspcsqlacc.dfs.core.windows.net/",
            "primary_dfs_host": "riqincspcsqlacc.dfs.core.windows.net",
            "primary_file_endpoint": "https://riqincspcsqlacc.file.core.windows.net/",
            "primary_file_host": "riqincspcsqlacc.file.core.windows.net",
            "primary_location": "centralus",
            "primary_queue_endpoint": "https://riqincspcsqlacc.queue.core.windows.net/",
            "primary_queue_host": "riqincspcsqlacc.queue.core.windows.net",
            "primary_table_endpoint": "https://riqincspcsqlacc.table.core.windows.net/",
            "primary_table_host": "riqincspcsqlacc.table.core.windows.net",
            "primary_web_endpoint": "https://riqincspcsqlacc.z19.web.core.windows.net/",
            "primary_web_host": "riqincspcsqlacc.z19.web.core.windows.net",
            "queue_properties": [
              {
                "cors_rule": [],
                "hour_metrics": [
                  {
                    "enabled": true,
                    "include_apis": true,
                    "retention_policy_days": 7,
                    "version": "1.0"
                  }
                ],
                "logging": [
                  {
                    "delete": false,
                    "read": false,
                    "retention_policy_days": 0,
                    "version": "1.0",
                    "write": false
                  }
                ],
                "minute_metrics": [
                  {
                    "enabled": false,
                    "include_apis": false,
                    "retention_policy_days": 0,
                    "version": "1.0"
                  }
                ]
              }
            ],
            "resource_group_name": "ri-d-inc-inp-spc-rg",
            "secondary_access_key": "718+oe8Y3qNQHTmA1hvD48IM4hzAAuMfif0w2Rne+RX8Bz/n13/XK4RjjUswWXlM+jSP4h9BGFgU6uXnuWNClw==",
            "secondary_blob_connection_string": "",
            "secondary_blob_endpoint": null,
            "secondary_blob_host": null,
            "secondary_connection_string": "DefaultEndpointsProtocol=https;AccountName=riqincspcsqlacc;AccountKey=718+oe8Y3qNQHTmA1hvD48IM4hzAAuMfif0w2Rne+RX8Bz/n13/XK4RjjUswWXlM+jSP4h9BGFgU6uXnuWNClw==;EndpointSuffix=core.windows.net",
            "secondary_dfs_endpoint": null,
            "secondary_dfs_host": null,
            "secondary_file_endpoint": null,
            "secondary_file_host": null,
            "secondary_location": "",
            "secondary_queue_endpoint": null,
            "secondary_queue_host": null,
            "secondary_table_endpoint": null,
            "secondary_table_host": null,
            "secondary_web_endpoint": null,
            "secondary_web_host": null,
            "static_website": [],
            "tags": null,
            "timeouts": null
          },
          "private": "eyJlMmJmYjczMC1lY2FhLTExZTYtOGY4OC0zNDM2M2JjN2M0YzAiOnsiY3JlYXRlIjozNjAwMDAwMDAwMDAwLCJkZWxldGUiOjM2MDAwMDAwMDAwMDAsInJlYWQiOjMwMDAwMDAwMDAwMCwidXBkYXRlIjozNjAwMDAwMDAwMDAwfSwic2NoZW1hX3ZlcnNpb24iOiIyIn0="
        }
      ]
    }
  ]
}
