{
  "version": 4,
  "terraform_version": "0.12.24",
  "serial": 122,
  "lineage": "8c2ceed3-5809-fa5a-e093-7435e971aa6f",
  "outputs": {},
  "resources": [
    {
      "mode": "managed",
      "type": "azurerm_resource_group",
      "name": "ri-d-inc-inp-spc-rg",
      "provider": "provider.azurerm",
      "instances": [
        {
          "schema_version": 0,
          "attributes": {
            "id": "/subscriptions/8dd248c6-56c5-4c37-9599-eae1069c979f/resourceGroups/ri-d-inc-inp-spc-rg",
            "location": "centralus",
            "name": "ri-d-inc-inp-spc-rg",
            "tags": null,
            "timeouts": null
          },
          "private": "eyJlMmJmYjczMC1lY2FhLTExZTYtOGY4OC0zNDM2M2JjN2M0YzAiOnsiY3JlYXRlIjo1NDAwMDAwMDAwMDAwLCJkZWxldGUiOjU0MDAwMDAwMDAwMDAsInJlYWQiOjMwMDAwMDAwMDAwMCwidXBkYXRlIjo1NDAwMDAwMDAwMDAwfX0="
        }
      ]
    },
    {
      "mode": "managed",
      "type": "azurerm_servicebus_queue",
      "name": "ri-q-inc-inp-spc-servicebus-queue",
      "provider": "provider.azurerm",
      "instances": []
    },
    {
      "mode": "managed",
      "type": "azurerm_sql_database",
      "name": "ri-q-inc-inp-spc-db",
      "provider": "provider.azurerm",
      "instances": []
    },
    {
      "mode": "managed",
      "type": "azurerm_sql_database",
      "name": "ri-q-inc-inp-spcq-db",
      "provider": "provider.azurerm",
      "instances": []
    }
  ]
}
