{
  "version": 4,
  "terraform_version": "0.12.24",
  "serial": 111,
  "lineage": "8c2ceed3-5809-fa5a-e093-7435e971aa6f",
  "outputs": {},
  "resources": [
    {
      "mode": "managed",
      "type": "azurerm_resource_group",
      "name": "ri-d-inc-inp-spc-rg",
      "provider": "provider.azurerm",
      "instances": [
        {
          "schema_version": 0,
          "attributes": {
            "id": "/subscriptions/8dd248c6-56c5-4c37-9599-eae1069c979f/resourceGroups/ri-d-inc-inp-spc-rg",
            "location": "centralus",
            "name": "ri-d-inc-inp-spc-rg",
            "tags": {},
            "timeouts": null
          },
          "private": "eyJlMmJmYjczMC1lY2FhLTExZTYtOGY4OC0zNDM2M2JjN2M0YzAiOnsiY3JlYXRlIjo1NDAwMDAwMDAwMDAwLCJkZWxldGUiOjU0MDAwMDAwMDAwMDAsInJlYWQiOjMwMDAwMDAwMDAwMCwidXBkYXRlIjo1NDAwMDAwMDAwMDAwfX0="
        }
      ]
    },
    {
      "mode": "managed",
      "type": "azurerm_search_service",
      "name": "ri-u-inc-inp-spc-search",
      "provider": "provider.azurerm",
      "instances": [
        {
          "schema_version": 0,
          "attributes": {
            "id": "/subscriptions/8dd248c6-56c5-4c37-9599-eae1069c979f/resourceGroups/ri-d-inc-inp-spc-rg/providers/Microsoft.Search/searchServices/ri-u-inc-inp-spc-search-service",
            "location": "centralus",
            "name": "ri-u-inc-inp-spc-search-service",
            "partition_count": 1,
            "primary_key": "8158A5AD9BC02F13354C93CD7D70F994",
            "query_keys": [
              {
                "key": "F5F32DF5717366F8D979445C51E4FC34",
                "name": ""
              }
            ],
            "replica_count": 1,
            "resource_group_name": "ri-d-inc-inp-spc-rg",
            "secondary_key": "6C150453DAC3EAF212C789172731E33D",
            "sku": "standard",
            "tags": {},
            "timeouts": null
          },
          "private": "eyJlMmJmYjczMC1lY2FhLTExZTYtOGY4OC0zNDM2M2JjN2M0YzAiOnsiY3JlYXRlIjoxODAwMDAwMDAwMDAwLCJkZWxldGUiOjE4MDAwMDAwMDAwMDAsInJlYWQiOjMwMDAwMDAwMDAwMCwidXBkYXRlIjoxODAwMDAwMDAwMDAwfX0="
        }
      ]
    },
    {
      "mode": "managed",
      "type": "azurerm_servicebus_namespace",
      "name": "ri-u-inc-inp-spc-servicebus",
      "provider": "provider.azurerm",
      "instances": [
        {
          "schema_version": 1,
          "attributes": {
            "capacity": 0,
            "default_primary_connection_string": "Endpoint=sb://ri-u-inc-inp-spc-servicebus-namespace.servicebus.windows.net/;SharedAccessKeyName=RootManageSharedAccessKey;SharedAccessKey=PUE7DAzIZY4lnUO+nKdAEgHaMjKNe8UF0Ry8bmhxluc=",
            "default_primary_key": "PUE7DAzIZY4lnUO+nKdAEgHaMjKNe8UF0Ry8bmhxluc=",
            "default_secondary_connection_string": "Endpoint=sb://ri-u-inc-inp-spc-servicebus-namespace.servicebus.windows.net/;SharedAccessKeyName=RootManageSharedAccessKey;SharedAccessKey=wV5wb9FrrroNRtAFCH0Io13fZIhOW8oGbRjpur1D838=",
            "default_secondary_key": "wV5wb9FrrroNRtAFCH0Io13fZIhOW8oGbRjpur1D838=",
            "id": "/subscriptions/8dd248c6-56c5-4c37-9599-eae1069c979f/resourceGroups/ri-d-inc-inp-spc-rg/providers/Microsoft.ServiceBus/namespaces/ri-u-inc-inp-spc-servicebus-namespace",
            "location": "centralus",
            "name": "ri-u-inc-inp-spc-servicebus-namespace",
            "resource_group_name": "ri-d-inc-inp-spc-rg",
            "sku": "standard",
            "tags": {
              "environment": "UAT",
              "source": "terraform"
            },
            "timeouts": null,
            "zone_redundant": false
          },
          "private": "eyJlMmJmYjczMC1lY2FhLTExZTYtOGY4OC0zNDM2M2JjN2M0YzAiOnsiY3JlYXRlIjoxODAwMDAwMDAwMDAwLCJkZWxldGUiOjE4MDAwMDAwMDAwMDAsInJlYWQiOjMwMDAwMDAwMDAwMCwidXBkYXRlIjoxODAwMDAwMDAwMDAwfSwic2NoZW1hX3ZlcnNpb24iOiIxIn0="
        }
      ]
    },
    {
      "mode": "managed",
      "type": "azurerm_servicebus_queue",
      "name": "ri-u-inc-inp-spc-servicebus-queue",
      "provider": "provider.azurerm",
      "instances": [
        {
          "schema_version": 0,
          "attributes": {
            "auto_delete_on_idle": "P10675199DT2H48M5.4775807S",
            "dead_lettering_on_message_expiration": false,
            "default_message_ttl": "P10675199DT2H48M5.4775807S",
            "duplicate_detection_history_time_window": "PT10M",
            "enable_express": false,
            "enable_partitioning": true,
            "id": "/subscriptions/8dd248c6-56c5-4c37-9599-eae1069c979f/resourceGroups/ri-d-inc-inp-spc-rg/providers/Microsoft.ServiceBus/namespaces/ri-u-inc-inp-spc-servicebus-namespace/queues/ri-u-inc-inp-spc-servicebus-q",
            "lock_duration": "PT1M",
            "max_delivery_count": 10,
            "max_size_in_megabytes": 5120,
            "name": "ri-u-inc-inp-spc-servicebus-q",
            "namespace_name": "ri-u-inc-inp-spc-servicebus-namespace",
            "requires_duplicate_detection": false,
            "requires_session": false,
            "resource_group_name": "ri-d-inc-inp-spc-rg",
            "timeouts": null
          },
          "private": "eyJlMmJmYjczMC1lY2FhLTExZTYtOGY4OC0zNDM2M2JjN2M0YzAiOnsiY3JlYXRlIjoxODAwMDAwMDAwMDAwLCJkZWxldGUiOjE4MDAwMDAwMDAwMDAsInJlYWQiOjMwMDAwMDAwMDAwMCwidXBkYXRlIjoxODAwMDAwMDAwMDAwfX0=",
          "dependencies": [
            "azurerm_servicebus_namespace.ri-u-inc-inp-spc-servicebus"
          ]
        }
      ]
    },
    {
      "mode": "managed",
      "type": "azurerm_sql_database",
      "name": "ri-u-inc-inp-spc-db",
      "provider": "provider.azurerm",
      "instances": [
        {
          "schema_version": 0,
          "attributes": {
            "collation": "SQL_Latin1_General_CP1_CI_AS",
            "create_mode": "Default",
            "creation_date": "2021-04-19T21:57:36.207Z",
            "default_secondary_location": "East US 2",
            "edition": "GeneralPurpose",
            "elastic_pool_name": "",
            "encryption": "",
            "extended_auditing_policy": [
              {
                "retention_in_days": 6,
                "storage_account_access_key": "N2zSnZgfgJsJNLGrOoCvrglpKEg/QAVevxwEi35ULXOc33XMxGUiuRMBg5Cw2av5J226Hq7w4TkCw3yiqdOiBA==",
                "storage_account_access_key_is_secondary": true,
                "storage_endpoint": "https://riuincspcsqlacc.blob.core.windows.net/"
              }
            ],
            "id": "/subscriptions/8dd248c6-56c5-4c37-9599-eae1069c979f/resourceGroups/ri-d-inc-inp-spc-rg/providers/Microsoft.Sql/servers/ri-u-inc-inp-sqlserver/databases/ri-u-inc-inp-spc-sdb",
            "import": [],
            "location": "centralus",
            "max_size_bytes": "34359738368",
            "max_size_gb": null,
            "name": "ri-u-inc-inp-spc-sdb",
            "read_scale": false,
            "requested_service_objective_id": "f21733ad-9b9b-4d4e-a4fa-94a133c41718",
            "requested_service_objective_name": "GP_Gen5_2",
            "resource_group_name": "ri-d-inc-inp-spc-rg",
            "restore_point_in_time": null,
            "server_name": "ri-u-inc-inp-sqlserver",
            "source_database_deletion_date": null,
            "source_database_id": null,
            "tags": {
              "environment": "UAT"
            },
            "threat_detection_policy": [
              {
                "disabled_alerts": [],
                "email_account_admins": "Disabled",
                "email_addresses": [],
                "retention_days": 0,
                "state": "Disabled",
                "storage_account_access_key": "",
                "storage_endpoint": "",
                "use_server_default": "Disabled"
              }
            ],
            "timeouts": null,
            "zone_redundant": false
          },
          "private": "eyJlMmJmYjczMC1lY2FhLTExZTYtOGY4OC0zNDM2M2JjN2M0YzAiOnsiY3JlYXRlIjozNjAwMDAwMDAwMDAwLCJkZWxldGUiOjM2MDAwMDAwMDAwMDAsInJlYWQiOjMwMDAwMDAwMDAwMCwidXBkYXRlIjozNjAwMDAwMDAwMDAwfX0=",
          "dependencies": [
            "azurerm_sql_server.ri-u-inc-inp-spc-sql",
            "azurerm_storage_account.ri-u-inc-inp-spc-sqlstoracc"
          ]
        }
      ]
    },
    {
      "mode": "managed",
      "type": "azurerm_sql_database",
      "name": "ri-u-inc-inp-spcq-db",
      "provider": "provider.azurerm",
      "instances": [
        {
          "schema_version": 0,
          "attributes": {
            "collation": "SQL_Latin1_General_CP1_CI_AS",
            "create_mode": "Default",
            "creation_date": "2021-04-19T21:57:44.627Z",
            "default_secondary_location": "East US 2",
            "edition": "GeneralPurpose",
            "elastic_pool_name": "",
            "encryption": "",
            "extended_auditing_policy": [
              {
                "retention_in_days": 6,
                "storage_account_access_key": "N2zSnZgfgJsJNLGrOoCvrglpKEg/QAVevxwEi35ULXOc33XMxGUiuRMBg5Cw2av5J226Hq7w4TkCw3yiqdOiBA==",
                "storage_account_access_key_is_secondary": true,
                "storage_endpoint": "https://riuincspcsqlacc.blob.core.windows.net/"
              }
            ],
            "id": "/subscriptions/8dd248c6-56c5-4c37-9599-eae1069c979f/resourceGroups/ri-d-inc-inp-spc-rg/providers/Microsoft.Sql/servers/ri-u-inc-inp-sqlserver/databases/ri-u-inc-inp-spcq-sdb",
            "import": [],
            "location": "centralus",
            "max_size_bytes": "34359738368",
            "max_size_gb": null,
            "name": "ri-u-inc-inp-spcq-sdb",
            "read_scale": false,
            "requested_service_objective_id": "f21733ad-9b9b-4d4e-a4fa-94a133c41718",
            "requested_service_objective_name": "GP_Gen5_2",
            "resource_group_name": "ri-d-inc-inp-spc-rg",
            "restore_point_in_time": null,
            "server_name": "ri-u-inc-inp-sqlserver",
            "source_database_deletion_date": null,
            "source_database_id": null,
            "tags": {
              "environment": "UAT"
            },
            "threat_detection_policy": [
              {
                "disabled_alerts": [],
                "email_account_admins": "Disabled",
                "email_addresses": [],
                "retention_days": 0,
                "state": "Disabled",
                "storage_account_access_key": "",
                "storage_endpoint": "",
                "use_server_default": "Disabled"
              }
            ],
            "timeouts": null,
            "zone_redundant": false
          },
          "private": "eyJlMmJmYjczMC1lY2FhLTExZTYtOGY4OC0zNDM2M2JjN2M0YzAiOnsiY3JlYXRlIjozNjAwMDAwMDAwMDAwLCJkZWxldGUiOjM2MDAwMDAwMDAwMDAsInJlYWQiOjMwMDAwMDAwMDAwMCwidXBkYXRlIjozNjAwMDAwMDAwMDAwfX0=",
          "dependencies": [
            "azurerm_sql_server.ri-u-inc-inp-spc-sql",
            "azurerm_storage_account.ri-u-inc-inp-spc-sqlstoracc"
          ]
        }
      ]
    },
    {
      "mode": "managed",
      "type": "azurerm_sql_server",
      "name": "ri-u-inc-inp-spc-sql",
      "provider": "provider.azurerm",
      "instances": [
        {
          "schema_version": 0,
          "attributes": {
            "administrator_login": "misadmin",
            "administrator_login_password": "wallYear1234",
            "extended_auditing_policy": [],
            "fully_qualified_domain_name": "ri-u-inc-inp-sqlserver.database.windows.net",
            "id": "/subscriptions/8dd248c6-56c5-4c37-9599-eae1069c979f/resourceGroups/ri-d-inc-inp-spc-rg/providers/Microsoft.Sql/servers/ri-u-inc-inp-sqlserver",
            "identity": [],
            "location": "centralus",
            "name": "ri-u-inc-inp-sqlserver",
            "resource_group_name": "ri-d-inc-inp-spc-rg",
            "tags": {
              "environment": "UAT"
            },
            "timeouts": null,
            "version": "12.0"
          },
          "private": "eyJlMmJmYjczMC1lY2FhLTExZTYtOGY4OC0zNDM2M2JjN2M0YzAiOnsiY3JlYXRlIjozNjAwMDAwMDAwMDAwLCJkZWxldGUiOjM2MDAwMDAwMDAwMDAsInJlYWQiOjMwMDAwMDAwMDAwMCwidXBkYXRlIjozNjAwMDAwMDAwMDAwfX0="
        }
      ]
    },
    {
      "mode": "managed",
      "type": "azurerm_storage_account",
      "name": "ri-u-inc-inp-spc-sqlstoracc",
      "provider": "provider.azurerm",
      "instances": [
        {
          "schema_version": 2,
          "attributes": {
            "access_tier": "Hot",
            "account_kind": "StorageV2",
            "account_replication_type": "LRS",
            "account_tier": "Standard",
            "blob_properties": [],
            "custom_domain": [],
            "enable_https_traffic_only": true,
            "id": "/subscriptions/8dd248c6-56c5-4c37-9599-eae1069c979f/resourceGroups/ri-d-inc-inp-spc-rg/providers/Microsoft.Storage/storageAccounts/riuincspcsqlacc",
            "identity": [],
            "is_hns_enabled": false,
            "location": "centralus",
            "name": "riuincspcsqlacc",
            "network_rules": [
              {
                "bypass": [
                  "AzureServices"
                ],
                "default_action": "Allow",
                "ip_rules": [],
                "virtual_network_subnet_ids": []
              }
            ],
            "primary_access_key": "N2zSnZgfgJsJNLGrOoCvrglpKEg/QAVevxwEi35ULXOc33XMxGUiuRMBg5Cw2av5J226Hq7w4TkCw3yiqdOiBA==",
            "primary_blob_connection_string": "DefaultEndpointsProtocol=https;BlobEndpoint=https://riuincspcsqlacc.blob.core.windows.net/;AccountName=riuincspcsqlacc;AccountKey=N2zSnZgfgJsJNLGrOoCvrglpKEg/QAVevxwEi35ULXOc33XMxGUiuRMBg5Cw2av5J226Hq7w4TkCw3yiqdOiBA==",
            "primary_blob_endpoint": "https://riuincspcsqlacc.blob.core.windows.net/",
            "primary_blob_host": "riuincspcsqlacc.blob.core.windows.net",
            "primary_connection_string": "DefaultEndpointsProtocol=https;AccountName=riuincspcsqlacc;AccountKey=N2zSnZgfgJsJNLGrOoCvrglpKEg/QAVevxwEi35ULXOc33XMxGUiuRMBg5Cw2av5J226Hq7w4TkCw3yiqdOiBA==;EndpointSuffix=core.windows.net",
            "primary_dfs_endpoint": "https://riuincspcsqlacc.dfs.core.windows.net/",
            "primary_dfs_host": "riuincspcsqlacc.dfs.core.windows.net",
            "primary_file_endpoint": "https://riuincspcsqlacc.file.core.windows.net/",
            "primary_file_host": "riuincspcsqlacc.file.core.windows.net",
            "primary_location": "centralus",
            "primary_queue_endpoint": "https://riuincspcsqlacc.queue.core.windows.net/",
            "primary_queue_host": "riuincspcsqlacc.queue.core.windows.net",
            "primary_table_endpoint": "https://riuincspcsqlacc.table.core.windows.net/",
            "primary_table_host": "riuincspcsqlacc.table.core.windows.net",
            "primary_web_endpoint": "https://riuincspcsqlacc.z19.web.core.windows.net/",
            "primary_web_host": "riuincspcsqlacc.z19.web.core.windows.net",
            "queue_properties": [
              {
                "cors_rule": [],
                "hour_metrics": [
                  {
                    "enabled": true,
                    "include_apis": true,
                    "retention_policy_days": 7,
                    "version": "1.0"
                  }
                ],
                "logging": [
                  {
                    "delete": false,
                    "read": false,
                    "retention_policy_days": 0,
                    "version": "1.0",
                    "write": false
                  }
                ],
                "minute_metrics": [
                  {
                    "enabled": false,
                    "include_apis": false,
                    "retention_policy_days": 0,
                    "version": "1.0"
                  }
                ]
              }
            ],
            "resource_group_name": "ri-d-inc-inp-spc-rg",
            "secondary_access_key": "sXAVDZ7xNC2Q2oy3NLD5wDuiGdzuTkKPvoLT3jyANYKV8taO0a6SyW/kBbDcj5OtqWxLbCt0KiFHvEYvqQwNuA==",
            "secondary_blob_connection_string": "",
            "secondary_blob_endpoint": null,
            "secondary_blob_host": null,
            "secondary_connection_string": "DefaultEndpointsProtocol=https;AccountName=riuincspcsqlacc;AccountKey=sXAVDZ7xNC2Q2oy3NLD5wDuiGdzuTkKPvoLT3jyANYKV8taO0a6SyW/kBbDcj5OtqWxLbCt0KiFHvEYvqQwNuA==;EndpointSuffix=core.windows.net",
            "secondary_dfs_endpoint": null,
            "secondary_dfs_host": null,
            "secondary_file_endpoint": null,
            "secondary_file_host": null,
            "secondary_location": "",
            "secondary_queue_endpoint": null,
            "secondary_queue_host": null,
            "secondary_table_endpoint": null,
            "secondary_table_host": null,
            "secondary_web_endpoint": null,
            "secondary_web_host": null,
            "static_website": [],
            "tags": {},
            "timeouts": null
          },
          "private": "eyJlMmJmYjczMC1lY2FhLTExZTYtOGY4OC0zNDM2M2JjN2M0YzAiOnsiY3JlYXRlIjozNjAwMDAwMDAwMDAwLCJkZWxldGUiOjM2MDAwMDAwMDAwMDAsInJlYWQiOjMwMDAwMDAwMDAwMCwidXBkYXRlIjozNjAwMDAwMDAwMDAwfSwic2NoZW1hX3ZlcnNpb24iOiIyIn0="
        }
      ]
    }
  ]
}
